
Microsoft Visual Studio Solution File, Format Version 12.00
# Visual Studio 15
VisualStudioVersion = 15.0.26730.15
MinimumVisualStudioVersion = 10.0.40219.1
Project("{FAE04EC0-301F-11D3-BF4B-00C04F79EFBC}") = "Angular2Demo", "Angular2Demo\Angular2Demo.csproj", "{DA050463-B10B-4253-9009-F703C8EBC8F1}"
EndProject
Project("{FAE04EC0-301F-11D3-BF4B-00C04F79EFBC}") = "WebApiAngular", "WebApiAngular\WebApiAngular.csproj", "{0012664C-29B9-4ADB-A58F-73CE92A77C29}"
EndProject
Global
	GlobalSection(SolutionConfigurationPlatforms) = preSolution
		Debug|Any CPU = Debug|Any CPU
		Release|Any CPU = Release|Any CPU
	EndGlobalSection
	GlobalSection(ProjectConfigurationPlatforms) = postSolution
		{DA050463-B10B-4253-9009-F703C8EBC8F1}.Debug|Any CPU.ActiveCfg = Debug|Any CPU
		{DA050463-B10B-4253-9009-F703C8EBC8F1}.Debug|Any CPU.Build.0 = Debug|Any CPU
		{DA050463-B10B-4253-9009-F703C8EBC8F1}.Release|Any CPU.ActiveCfg = Release|Any CPU
		{DA050463-B10B-4253-9009-F703C8EBC8F1}.Release|Any CPU.Build.0 = Release|Any CPU
		{0012664C-29B9-4ADB-A58F-73CE92A77C29}.Debug|Any CPU.ActiveCfg = Debug|Any CPU
		{0012664C-29B9-4ADB-A58F-73CE92A77C29}.Debug|Any CPU.Build.0 = Debug|Any CPU
		{0012664C-29B9-4ADB-A58F-73CE92A77C29}.Release|Any CPU.ActiveCfg = Release|Any CPU
		{0012664C-29B9-4ADB-A58F-73CE92A77C29}.Release|Any CPU.Build.0 = Release|Any CPU
	EndGlobalSection
	GlobalSection(SolutionProperties) = preSolution
		HideSolutionNode = FALSE
	EndGlobalSection
	GlobalSection(ExtensibilityGlobals) = postSolution
		SolutionGuid = {D0208858-4D2F-4874-B462-11AA604B13D0}
	EndGlobalSection
EndGlobal
